
Microsoft Visual Studio Solution File, Format Version 12.00
# Visual Studio Version 17
VisualStudioVersion = 17.6.33829.357
MinimumVisualStudioVersion = 10.0.40219.1
Project("{FAE04EC0-301F-11D3-BF4B-00C04F79EFBC}") = "calculator", "calculator\calculator.csproj", "{C471B2F2-441F-4A83-A89A-2562836BFAE9}"
EndProject
Global
	GlobalSection(SolutionConfigurationPlatforms) = preSolution
		Debug|Any CPU = Debug|Any CPU
		Release|Any CPU = Release|Any CPU
	EndGlobalSection
	GlobalSection(ProjectConfigurationPlatforms) = postSolution
		{C471B2F2-441F-4A83-A89A-2562836BFAE9}.Debug|Any CPU.ActiveCfg = Debug|Any CPU
		{C471B2F2-441F-4A83-A89A-2562836BFAE9}.Debug|Any CPU.Build.0 = Debug|Any CPU
		{C471B2F2-441F-4A83-A89A-2562836BFAE9}.Release|Any CPU.ActiveCfg = Release|Any CPU
		{C471B2F2-441F-4A83-A89A-2562836BFAE9}.Release|Any CPU.Build.0 = Release|Any CPU
	EndGlobalSection
	GlobalSection(SolutionProperties) = preSolution
		HideSolutionNode = FALSE
	EndGlobalSection
	GlobalSection(ExtensibilityGlobals) = postSolution
		SolutionGuid = {B85223B1-7EB7-4A49-9FEE-AC3569DB08A1}
	EndGlobalSection
EndGlobal
